
Microsoft Visual Studio Solution File, Format Version 12.00
Project("{FAE04EC0-301F-11D3-BF4B-00C04F79EFBC}") = "ping-Map_Play-pong", "ping-Map_Play-pong.csproj", "{A505E774-8611-4285-8B4F-39CBF92776E4}"
EndProject
Global
	GlobalSection(SolutionConfigurationPlatforms) = preSolution
		Debug|Any CPU = Debug|Any CPU
		Release|Any CPU = Release|Any CPU
	EndGlobalSection
	GlobalSection(ProjectConfigurationPlatforms) = postSolution
		{A505E774-8611-4285-8B4F-39CBF92776E4}.Debug|Any CPU.ActiveCfg = Debug|Any CPU
		{A505E774-8611-4285-8B4F-39CBF92776E4}.Debug|Any CPU.Build.0 = Debug|Any CPU
		{A505E774-8611-4285-8B4F-39CBF92776E4}.Release|Any CPU.ActiveCfg = Release|Any CPU
		{A505E774-8611-4285-8B4F-39CBF92776E4}.Release|Any CPU.Build.0 = Release|Any CPU
	EndGlobalSection
EndGlobal
